
Microsoft Visual Studio Solution File, Format Version 12.00
# Visual Studio 15
VisualStudioVersion = 15.0.26430.16
MinimumVisualStudioVersion = 10.0.40219.1
Project("{FAE04EC0-301F-11D3-BF4B-00C04F79EFBC}") = "RX.WXMember", "RX.WXMember\RX.WXMember.csproj", "{C7C22025-B01D-463D-9F7F-761FB518A2AF}"
EndProject
Project("{FAE04EC0-301F-11D3-BF4B-00C04F79EFBC}") = "RX.WXMember.Models", "RX.WXMember.Models\RX.WXMember.Models.csproj", "{5BE9F21B-3BFC-44EE-92C0-C286FB5E7383}"
EndProject
Global
	GlobalSection(SolutionConfigurationPlatforms) = preSolution
		Debug|Any CPU = Debug|Any CPU
		Release|Any CPU = Release|Any CPU
	EndGlobalSection
	GlobalSection(ProjectConfigurationPlatforms) = postSolution
		{C7C22025-B01D-463D-9F7F-761FB518A2AF}.Debug|Any CPU.ActiveCfg = Debug|Any CPU
		{C7C22025-B01D-463D-9F7F-761FB518A2AF}.Debug|Any CPU.Build.0 = Debug|Any CPU
		{C7C22025-B01D-463D-9F7F-761FB518A2AF}.Release|Any CPU.ActiveCfg = Release|Any CPU
		{C7C22025-B01D-463D-9F7F-761FB518A2AF}.Release|Any CPU.Build.0 = Release|Any CPU
		{5BE9F21B-3BFC-44EE-92C0-C286FB5E7383}.Debug|Any CPU.ActiveCfg = Debug|Any CPU
		{5BE9F21B-3BFC-44EE-92C0-C286FB5E7383}.Debug|Any CPU.Build.0 = Debug|Any CPU
		{5BE9F21B-3BFC-44EE-92C0-C286FB5E7383}.Release|Any CPU.ActiveCfg = Release|Any CPU
		{5BE9F21B-3BFC-44EE-92C0-C286FB5E7383}.Release|Any CPU.Build.0 = Release|Any CPU
	EndGlobalSection
	GlobalSection(SolutionProperties) = preSolution
		HideSolutionNode = FALSE
	EndGlobalSection
EndGlobal
